{
  "name": "@indra.ai/deva.wall",
  "version": "0.4.2",
  "lockfileVersion": 3,
  "requires": true,
  "packages": {
    "": {
      "name": "@indra.ai/deva.wall",
      "version": "0.4.2",
      "funding": [
        {
          "type": "paypal",
          "url": "https://paypal.me/rahulaclub"
        },
        {
          "type": "patreon",
          "url": "https://patreon.com/rahulaclub"
        }
      ],
      "license": "VLA:49233848941661900396 LICENSE.md",
      "dependencies": {
        "@indra.ai/deva": "^1.24.0"
      }
    },
    "node_modules/@indra.ai/deva": {
      "version": "1.24.0",
      "resolved": "https://registry.npmjs.org/@indra.ai/deva/-/deva-1.24.0.tgz",
      "integrity": "sha512-3PEHuaXwSv0NxZnHrFBKzv80HR7NeKQiA5RD6tWMQAYraP02K2CvQW8mFLEhNLgmJu39yjZm7zAt6jblCqHrTw==",
      "funding": [
        {
          "type": "paypal",
          "url": "https://paypal.me/rahulaclub"
        },
        {
          "type": "patreon",
          "url": "https://patreon.com/rahulaclub"
        }
      ],
      "license": "VLA:38478178200141356938 LICENSE.md",
      "engines": {
        "node": ">=18.16.0",
        "npm": ">=9.5.1"
      }
    }
  }
}
