{
  "name": "@indra.ai/deva.wall",
  "version": "0.0.75",
  "lockfileVersion": 3,
  "requires": true,
  "packages": {
    "": {
      "name": "@indra.ai/deva.wall",
      "version": "0.0.75",
      "license": "MIT",
      "dependencies": {
        "@indra.ai/deva": "^1.6.92"
      }
    },
    "node_modules/@indra.ai/deva": {
      "version": "1.6.92",
      "resolved": "https://registry.npmjs.org/@indra.ai/deva/-/deva-1.6.92.tgz",
      "integrity": "sha512-bmmeLNrXQwEIj0sdeJi0crNg40Y0ztvVSzeQS/riklmy7+Kjt+7hdLMRx2KtGcSGndkDFxoqIn7AqEF6tts+xg==",
      "funding": [
        {
          "type": "paypal",
          "url": "https://paypal.me/rahulaclub"
        },
        {
          "type": "patreon",
          "url": "https://patreon.com/rahulaclub"
        }
      ],
      "license": "VLA:44091450722329207445 LICENSE.md",
      "engines": {
        "node": ">=18.16.0",
        "npm": ">=9.5.1"
      }
    }
  }
}
