{
  "name": "@indra.ai/deva.wall",
  "version": "0.0.85",
  "lockfileVersion": 3,
  "requires": true,
  "packages": {
    "": {
      "name": "@indra.ai/deva.wall",
      "version": "0.0.85",
      "funding": [
        {
          "type": "paypal",
          "url": "https://paypal.me/rahulaclub"
        },
        {
          "type": "patreon",
          "url": "https://patreon.com/rahulaclub"
        }
      ],
      "license": "VLA:49233848941661900396 LICENSE.md",
      "dependencies": {
        "@indra.ai/deva": "^1.6.100"
      }
    },
    "node_modules/@indra.ai/deva": {
      "version": "1.6.100",
      "resolved": "https://registry.npmjs.org/@indra.ai/deva/-/deva-1.6.100.tgz",
      "integrity": "sha512-uPbJmgUAl+hohMqgpnMJqkd5ujKw78SR3T+bIg2+GshTN0Mbq8Vz+b3fkfztUNxMQF3FcS23I1zMo8rQDO1Vfw==",
      "funding": [
        {
          "type": "paypal",
          "url": "https://paypal.me/rahulaclub"
        },
        {
          "type": "patreon",
          "url": "https://patreon.com/rahulaclub"
        }
      ],
      "license": "VLA:44091450722329207445 LICENSE.md",
      "engines": {
        "node": ">=18.16.0",
        "npm": ">=9.5.1"
      }
    }
  }
}
